// !$*UTF8*$!
{
	archiveVersion = 1;
	classes = {
	};
	objectVersion = 77;
	objects = {

/* Begin PBXBuildFile section */
		09D62032205C3B58ABBA7593 /* APIClient.swift in Sources */ = {isa = PBXBuildFile; fileRef = 2BDB449F1B2031D11E5C5A4D /* APIClient.swift */; };
		0A02A0E877B4C664421C313A /* StatusChip.swift in Sources */ = {isa = PBXBuildFile; fileRef = 4FBC7AD1341543F210B24805 /* StatusChip.swift */; };
		0C08FE3A3A70B1D47D7CD731 /* KeychainManager.swift in Sources */ = {isa = PBXBuildFile; fileRef = 84784E839EBFE2858C277235 /* KeychainManager.swift */; };
		10AD4ABB01CC34A0A46C1B8E /* VehicleDetailViewModel.swift in Sources */ = {isa = PBXBuildFile; fileRef = 8489B9DE37BD119353BF9F6E /* VehicleDetailViewModel.swift */; };
		1A902A58AE82F1CBA5F1EC64 /* VehicleAnnotationView.swift in Sources */ = {isa = PBXBuildFile; fileRef = 4B477CF081461805BE4AC533 /* VehicleAnnotationView.swift */; };
		2A6A4132A8005F4E5E2A2689 /* AppDelegate.swift in Sources */ = {isa = PBXBuildFile; fileRef = EDA6430B533319A4BC000303 /* AppDelegate.swift */; };
		31B189A53807AD5D71EE4E6C /* LivePosition.swift in Sources */ = {isa = PBXBuildFile; fileRef = 4B3C3EFCFBB7F389C472C779 /* LivePosition.swift */; };
		41CCED93A9982628AB8C3136 /* FleetViewModel.swift in Sources */ = {isa = PBXBuildFile; fileRef = AA7D17A3296ED8D2F7A9786B /* FleetViewModel.swift */; };
		4D0EBD702D9DE02F6161DD4B /* LoginView.swift in Sources */ = {isa = PBXBuildFile; fileRef = 14082D87BC583B59DE81956C /* LoginView.swift */; };
		4E67A1FEE7D68B73A727B494 /* LiveMapView.swift in Sources */ = {isa = PBXBuildFile; fileRef = 4B43626AA7778955D7C3E966 /* LiveMapView.swift */; };
		5E029C72D69A13820B0642C6 /* Assets.xcassets in Resources */ = {isa = PBXBuildFile; fileRef = 14F677BAE0D2E0D0BB43C067 /* Assets.xcassets */; };
		62DDD40F7E7118D061D9F97C /* BlazeFleetApp.swift in Sources */ = {isa = PBXBuildFile; fileRef = D339A63EF9A9910B4DE6C15D /* BlazeFleetApp.swift */; };
		6B10339AD393D1E8B7550C29 /* MainTabView.swift in Sources */ = {isa = PBXBuildFile; fileRef = 8B3CE06B5484EAA0DC51AF18 /* MainTabView.swift */; };
		6CBA6634CD19B6A94CC033DE /* AuthResponse.swift in Sources */ = {isa = PBXBuildFile; fileRef = 5ED0183C6411519BCC1EB5D0 /* AuthResponse.swift */; };
		6D14D7EB3A28797A6C20EBA9 /* WebSocketService.swift in Sources */ = {isa = PBXBuildFile; fileRef = CD72712EEFEC385E0A513864 /* WebSocketService.swift */; };
		70734496BEB9A2767551CF1D /* FleetSummary.swift in Sources */ = {isa = PBXBuildFile; fileRef = 0C68251D2AB4DED4502C2E43 /* FleetSummary.swift */; };
		7BF34A4DCBD0D4151DE88F00 /* PushNotificationManager.swift in Sources */ = {isa = PBXBuildFile; fileRef = 055A81C928BA29FE441D8686 /* PushNotificationManager.swift */; };
		7F93D71CA353EA05A0753B6E /* RemoteCommandSheet.swift in Sources */ = {isa = PBXBuildFile; fileRef = F377EB29A7B7B15F9C3B6F31 /* RemoteCommandSheet.swift */; };
		88FF3D758B59A5390888C448 /* NotificationsTests.swift in Sources */ = {isa = PBXBuildFile; fileRef = 15A7D827379EF4E165B4B3D0 /* NotificationsTests.swift */; };
		90107D5D7FCB4753EDA52F34 /* AuthModelTests.swift in Sources */ = {isa = PBXBuildFile; fileRef = 2FDB1FF4A8C8A4A72C2BE482 /* AuthModelTests.swift */; };
		AD472514E61262530B8AC9C3 /* TelemetryGaugesView.swift in Sources */ = {isa = PBXBuildFile; fileRef = 62E4B2ED33AB16A077490C32 /* TelemetryGaugesView.swift */; };
		B517996C4AF3662D288B2ECF /* FleetViewModelTests.swift in Sources */ = {isa = PBXBuildFile; fileRef = A1DCA3B7A61E3E4567EEE3CC /* FleetViewModelTests.swift */; };
		C2C1D073B9166BC4A3F23A5B /* AlertsListView.swift in Sources */ = {isa = PBXBuildFile; fileRef = 83434013AFFC35537C77DAFC /* AlertsListView.swift */; };
		CA2134BA4A0CE8287FF5B9DD /* VehicleCardView.swift in Sources */ = {isa = PBXBuildFile; fileRef = E1BF863D49421A4EC9F38B72 /* VehicleCardView.swift */; };
		CCB7FD919565F08E7E5A7ADC /* FleetListView.swift in Sources */ = {isa = PBXBuildFile; fileRef = B8A56EC46EADE763B726B170 /* FleetListView.swift */; };
		CEFC9236D6F408500086A318 /* AlertsViewModel.swift in Sources */ = {isa = PBXBuildFile; fileRef = 387D9D7EB2E8E3C5962BEC5C /* AlertsViewModel.swift */; };
		D703CE5B3A9BEB6E3592E3F8 /* StatusFilterBar.swift in Sources */ = {isa = PBXBuildFile; fileRef = 272BF12E7BD55C05FAD9ACAD /* StatusFilterBar.swift */; };
		D982213CF72B477AC0B5911F /* SparklineView.swift in Sources */ = {isa = PBXBuildFile; fileRef = 281DBF17CE921D8B54CA1461 /* SparklineView.swift */; };
		E60BCA2D980B0BF8F5F36822 /* FleetModelTests.swift in Sources */ = {isa = PBXBuildFile; fileRef = 338D71D02DF4BC4D273088A8 /* FleetModelTests.swift */; };
		ED8A919C9B89ABAE3093BDAD /* AuthViewModel.swift in Sources */ = {isa = PBXBuildFile; fileRef = ED0F596A976494F80344695D /* AuthViewModel.swift */; };
		FB17288F2BBEB76BAFA0BF04 /* VehicleDetailView.swift in Sources */ = {isa = PBXBuildFile; fileRef = 419FF7A63451E1B20F25AB8F /* VehicleDetailView.swift */; };
		FB3290DFAA70CE240A34B345 /* BiometricAuthService.swift in Sources */ = {isa = PBXBuildFile; fileRef = 40E71B3EFD288A3ADDC1C95F /* BiometricAuthService.swift */; };
		FC18C9FD4C344D649A908029 /* BrandTheme.swift in Sources */ = {isa = PBXBuildFile; fileRef = 090FE896AB9B5EF8826A2D1C /* BrandTheme.swift */; };
/* End PBXBuildFile section */

/* Begin PBXContainerItemProxy section */
		97D56ED58616F0A3714C0190 /* PBXContainerItemProxy */ = {
			isa = PBXContainerItemProxy;
			containerPortal = B8FC636C958619728278943C /* Project object */;
			proxyType = 1;
			remoteGlobalIDString = 6DF2B8D1B52CE28847ED1C87;
			remoteInfo = BlazeFleet;
		};
/* End PBXContainerItemProxy section */

/* Begin PBXFileReference section */
		055A81C928BA29FE441D8686 /* PushNotificationManager.swift */ = {isa = PBXFileReference; lastKnownFileType = sourcecode.swift; path = PushNotificationManager.swift; sourceTree = "<group>"; };
		090FE896AB9B5EF8826A2D1C /* BrandTheme.swift */ = {isa = PBXFileReference; lastKnownFileType = sourcecode.swift; path = BrandTheme.swift; sourceTree = "<group>"; };
		0C68251D2AB4DED4502C2E43 /* FleetSummary.swift */ = {isa = PBXFileReference; lastKnownFileType = sourcecode.swift; path = FleetSummary.swift; sourceTree = "<group>"; };
		14082D87BC583B59DE81956C /* LoginView.swift */ = {isa = PBXFileReference; lastKnownFileType = sourcecode.swift; path = LoginView.swift; sourceTree = "<group>"; };
		14F677BAE0D2E0D0BB43C067 /* Assets.xcassets */ = {isa = PBXFileReference; lastKnownFileType = folder.assetcatalog; path = Assets.xcassets; sourceTree = "<group>"; };
		15A7D827379EF4E165B4B3D0 /* NotificationsTests.swift */ = {isa = PBXFileReference; lastKnownFileType = sourcecode.swift; path = NotificationsTests.swift; sourceTree = "<group>"; };
		272BF12E7BD55C05FAD9ACAD /* StatusFilterBar.swift */ = {isa = PBXFileReference; lastKnownFileType = sourcecode.swift; path = StatusFilterBar.swift; sourceTree = "<group>"; };
		281DBF17CE921D8B54CA1461 /* SparklineView.swift */ = {isa = PBXFileReference; lastKnownFileType = sourcecode.swift; path = SparklineView.swift; sourceTree = "<group>"; };
		2BDB449F1B2031D11E5C5A4D /* APIClient.swift */ = {isa = PBXFileReference; lastKnownFileType = sourcecode.swift; path = APIClient.swift; sourceTree = "<group>"; };
		2EF53F3EB192065DB095E5EF /* BlazeFleetTests.xctest */ = {isa = PBXFileReference; includeInIndex = 0; lastKnownFileType = wrapper.cfbundle; path = BlazeFleetTests.xctest; sourceTree = BUILT_PRODUCTS_DIR; };
		2FDB1FF4A8C8A4A72C2BE482 /* AuthModelTests.swift */ = {isa = PBXFileReference; lastKnownFileType = sourcecode.swift; path = AuthModelTests.swift; sourceTree = "<group>"; };
		338D71D02DF4BC4D273088A8 /* FleetModelTests.swift */ = {isa = PBXFileReference; lastKnownFileType = sourcecode.swift; path = FleetModelTests.swift; sourceTree = "<group>"; };
		387D9D7EB2E8E3C5962BEC5C /* AlertsViewModel.swift */ = {isa = PBXFileReference; lastKnownFileType = sourcecode.swift; path = AlertsViewModel.swift; sourceTree = "<group>"; };
		40E71B3EFD288A3ADDC1C95F /* BiometricAuthService.swift */ = {isa = PBXFileReference; lastKnownFileType = sourcecode.swift; path = BiometricAuthService.swift; sourceTree = "<group>"; };
		419FF7A63451E1B20F25AB8F /* VehicleDetailView.swift */ = {isa = PBXFileReference; lastKnownFileType = sourcecode.swift; path = VehicleDetailView.swift; sourceTree = "<group>"; };
		4B3C3EFCFBB7F389C472C779 /* LivePosition.swift */ = {isa = PBXFileReference; lastKnownFileType = sourcecode.swift; path = LivePosition.swift; sourceTree = "<group>"; };
		4B43626AA7778955D7C3E966 /* LiveMapView.swift */ = {isa = PBXFileReference; lastKnownFileType = sourcecode.swift; path = LiveMapView.swift; sourceTree = "<group>"; };
		4B477CF081461805BE4AC533 /* VehicleAnnotationView.swift */ = {isa = PBXFileReference; lastKnownFileType = sourcecode.swift; path = VehicleAnnotationView.swift; sourceTree = "<group>"; };
		4FBC7AD1341543F210B24805 /* StatusChip.swift */ = {isa = PBXFileReference; lastKnownFileType = sourcecode.swift; path = StatusChip.swift; sourceTree = "<group>"; };
		5ED0183C6411519BCC1EB5D0 /* AuthResponse.swift */ = {isa = PBXFileReference; lastKnownFileType = sourcecode.swift; path = AuthResponse.swift; sourceTree = "<group>"; };
		62E4B2ED33AB16A077490C32 /* TelemetryGaugesView.swift */ = {isa = PBXFileReference; lastKnownFileType = sourcecode.swift; path = TelemetryGaugesView.swift; sourceTree = "<group>"; };
		83434013AFFC35537C77DAFC /* AlertsListView.swift */ = {isa = PBXFileReference; lastKnownFileType = sourcecode.swift; path = AlertsListView.swift; sourceTree = "<group>"; };
		84784E839EBFE2858C277235 /* KeychainManager.swift */ = {isa = PBXFileReference; lastKnownFileType = sourcecode.swift; path = KeychainManager.swift; sourceTree = "<group>"; };
		8489B9DE37BD119353BF9F6E /* VehicleDetailViewModel.swift */ = {isa = PBXFileReference; lastKnownFileType = sourcecode.swift; path = VehicleDetailViewModel.swift; sourceTree = "<group>"; };
		8B3CE06B5484EAA0DC51AF18 /* MainTabView.swift */ = {isa = PBXFileReference; lastKnownFileType = sourcecode.swift; path = MainTabView.swift; sourceTree = "<group>"; };
		A1DCA3B7A61E3E4567EEE3CC /* FleetViewModelTests.swift */ = {isa = PBXFileReference; lastKnownFileType = sourcecode.swift; path = FleetViewModelTests.swift; sourceTree = "<group>"; };
		AA7D17A3296ED8D2F7A9786B /* FleetViewModel.swift */ = {isa = PBXFileReference; lastKnownFileType = sourcecode.swift; path = FleetViewModel.swift; sourceTree = "<group>"; };
		B8A56EC46EADE763B726B170 /* FleetListView.swift */ = {isa = PBXFileReference; lastKnownFileType = sourcecode.swift; path = FleetListView.swift; sourceTree = "<group>"; };
		CD72712EEFEC385E0A513864 /* WebSocketService.swift */ = {isa = PBXFileReference; lastKnownFileType = sourcecode.swift; path = WebSocketService.swift; sourceTree = "<group>"; };
		D339A63EF9A9910B4DE6C15D /* BlazeFleetApp.swift */ = {isa = PBXFileReference; lastKnownFileType = sourcecode.swift; path = BlazeFleetApp.swift; sourceTree = "<group>"; };
		D5D250BEBDD6E869DE39EDB4 /* BlazeFleet.app */ = {isa = PBXFileReference; includeInIndex = 0; lastKnownFileType = wrapper.application; path = BlazeFleet.app; sourceTree = BUILT_PRODUCTS_DIR; };
		E1BF863D49421A4EC9F38B72 /* VehicleCardView.swift */ = {isa = PBXFileReference; lastKnownFileType = sourcecode.swift; path = VehicleCardView.swift; sourceTree = "<group>"; };
		ED0F596A976494F80344695D /* AuthViewModel.swift */ = {isa = PBXFileReference; lastKnownFileType = sourcecode.swift; path = AuthViewModel.swift; sourceTree = "<group>"; };
		EDA6430B533319A4BC000303 /* AppDelegate.swift */ = {isa = PBXFileReference; lastKnownFileType = sourcecode.swift; path = AppDelegate.swift; sourceTree = "<group>"; };
		F377EB29A7B7B15F9C3B6F31 /* RemoteCommandSheet.swift */ = {isa = PBXFileReference; lastKnownFileType = sourcecode.swift; path = RemoteCommandSheet.swift; sourceTree = "<group>"; };
/* End PBXFileReference section */

/* Begin PBXGroup section */
		0BD66D1E0EBFBDF5058FB516 /* Auth */ = {
			isa = PBXGroup;
			children = (
				14082D87BC583B59DE81956C /* LoginView.swift */,
			);
			path = Auth;
			sourceTree = "<group>";
		};
		209DAB21DB499811DB399C8B /* ViewModels */ = {
			isa = PBXGroup;
			children = (
				387D9D7EB2E8E3C5962BEC5C /* AlertsViewModel.swift */,
				ED0F596A976494F80344695D /* AuthViewModel.swift */,
				AA7D17A3296ED8D2F7A9786B /* FleetViewModel.swift */,
				8489B9DE37BD119353BF9F6E /* VehicleDetailViewModel.swift */,
			);
			path = ViewModels;
			sourceTree = "<group>";
		};
		22254A2D63269AA295014844 /* App */ = {
			isa = PBXGroup;
			children = (
				EDA6430B533319A4BC000303 /* AppDelegate.swift */,
				D339A63EF9A9910B4DE6C15D /* BlazeFleetApp.swift */,
			);
			path = App;
			sourceTree = "<group>";
		};
		5813AEE9B4E779F82154285D /* BlazeFleetTests */ = {
			isa = PBXGroup;
			children = (
				2FDB1FF4A8C8A4A72C2BE482 /* AuthModelTests.swift */,
				338D71D02DF4BC4D273088A8 /* FleetModelTests.swift */,
				A1DCA3B7A61E3E4567EEE3CC /* FleetViewModelTests.swift */,
				15A7D827379EF4E165B4B3D0 /* NotificationsTests.swift */,
			);
			path = BlazeFleetTests;
			sourceTree = "<group>";
		};
		821585CAC7C741EAED944B2F /* Components */ = {
			isa = PBXGroup;
			children = (
				090FE896AB9B5EF8826A2D1C /* BrandTheme.swift */,
				281DBF17CE921D8B54CA1461 /* SparklineView.swift */,
				4FBC7AD1341543F210B24805 /* StatusChip.swift */,
			);
			path = Components;
			sourceTree = "<group>";
		};
		83A009C7B7025067752827A7 /* Fleet */ = {
			isa = PBXGroup;
			children = (
				B8A56EC46EADE763B726B170 /* FleetListView.swift */,
				272BF12E7BD55C05FAD9ACAD /* StatusFilterBar.swift */,
				E1BF863D49421A4EC9F38B72 /* VehicleCardView.swift */,
			);
			path = Fleet;
			sourceTree = "<group>";
		};
		84E16EC930C422F7EF79932F /* BlazeFleet */ = {
			isa = PBXGroup;
			children = (
				22254A2D63269AA295014844 /* App */,
				EB77EF86FF29DDA99D759A98 /* Models */,
				B0E0CBE0071196F0D9C49012 /* Resources */,
				AE8F362210EEE3950C5CA630 /* Services */,
				209DAB21DB499811DB399C8B /* ViewModels */,
				B1030F4501BD1D0F25DBBC50 /* Views */,
			);
			path = BlazeFleet;
			sourceTree = "<group>";
		};
		8902DE226D722ECB41273003 = {
			isa = PBXGroup;
			children = (
				84E16EC930C422F7EF79932F /* BlazeFleet */,
				5813AEE9B4E779F82154285D /* BlazeFleetTests */,
				B968F33591E1E30A73B96568 /* Products */,
			);
			sourceTree = "<group>";
		};
		AE8F362210EEE3950C5CA630 /* Services */ = {
			isa = PBXGroup;
			children = (
				2BDB449F1B2031D11E5C5A4D /* APIClient.swift */,
				40E71B3EFD288A3ADDC1C95F /* BiometricAuthService.swift */,
				84784E839EBFE2858C277235 /* KeychainManager.swift */,
				055A81C928BA29FE441D8686 /* PushNotificationManager.swift */,
				CD72712EEFEC385E0A513864 /* WebSocketService.swift */,
			);
			path = Services;
			sourceTree = "<group>";
		};
		B0E0CBE0071196F0D9C49012 /* Resources */ = {
			isa = PBXGroup;
			children = (
				14F677BAE0D2E0D0BB43C067 /* Assets.xcassets */,
			);
			path = Resources;
			sourceTree = "<group>";
		};
		B1030F4501BD1D0F25DBBC50 /* Views */ = {
			isa = PBXGroup;
			children = (
				D5795608213FF3EAE34AC1B9 /* Alerts */,
				0BD66D1E0EBFBDF5058FB516 /* Auth */,
				821585CAC7C741EAED944B2F /* Components */,
				DCFC17B489F7D6D58DD515BD /* Detail */,
				83A009C7B7025067752827A7 /* Fleet */,
				B3A8AF1029756B334D6CB18A /* Map */,
				8B3CE06B5484EAA0DC51AF18 /* MainTabView.swift */,
			);
			path = Views;
			sourceTree = "<group>";
		};
		B3A8AF1029756B334D6CB18A /* Map */ = {
			isa = PBXGroup;
			children = (
				4B43626AA7778955D7C3E966 /* LiveMapView.swift */,
				4B477CF081461805BE4AC533 /* VehicleAnnotationView.swift */,
			);
			path = Map;
			sourceTree = "<group>";
		};
		B968F33591E1E30A73B96568 /* Products */ = {
			isa = PBXGroup;
			children = (
				D5D250BEBDD6E869DE39EDB4 /* BlazeFleet.app */,
				2EF53F3EB192065DB095E5EF /* BlazeFleetTests.xctest */,
			);
			name = Products;
			sourceTree = "<group>";
		};
		D5795608213FF3EAE34AC1B9 /* Alerts */ = {
			isa = PBXGroup;
			children = (
				83434013AFFC35537C77DAFC /* AlertsListView.swift */,
			);
			path = Alerts;
			sourceTree = "<group>";
		};
		DCFC17B489F7D6D58DD515BD /* Detail */ = {
			isa = PBXGroup;
			children = (
				F377EB29A7B7B15F9C3B6F31 /* RemoteCommandSheet.swift */,
				62E4B2ED33AB16A077490C32 /* TelemetryGaugesView.swift */,
				419FF7A63451E1B20F25AB8F /* VehicleDetailView.swift */,
			);
			path = Detail;
			sourceTree = "<group>";
		};
		EB77EF86FF29DDA99D759A98 /* Models */ = {
			isa = PBXGroup;
			children = (
				5ED0183C6411519BCC1EB5D0 /* AuthResponse.swift */,
				0C68251D2AB4DED4502C2E43 /* FleetSummary.swift */,
				4B3C3EFCFBB7F389C472C779 /* LivePosition.swift */,
			);
			path = Models;
			sourceTree = "<group>";
		};
/* End PBXGroup section */

/* Begin PBXNativeTarget section */
		6DF2B8D1B52CE28847ED1C87 /* BlazeFleet */ = {
			isa = PBXNativeTarget;
			buildConfigurationList = 041AFC56E7BF603ECDADE07F /* Build configuration list for PBXNativeTarget "BlazeFleet" */;
			buildPhases = (
				74655796BD2A712C25CFFE58 /* Sources */,
				FD238CBC540F247465908264 /* Resources */,
			);
			buildRules = (
			);
			dependencies = (
			);
			name = BlazeFleet;
			packageProductDependencies = (
			);
			productName = BlazeFleet;
			productReference = D5D250BEBDD6E869DE39EDB4 /* BlazeFleet.app */;
			productType = "com.apple.product-type.application";
		};
		E934F6AC0B3E0CB0CEDE20C2 /* BlazeFleetTests */ = {
			isa = PBXNativeTarget;
			buildConfigurationList = D984A905ED632C6465867F04 /* Build configuration list for PBXNativeTarget "BlazeFleetTests" */;
			buildPhases = (
				3383BA78145AEA3DE07A8893 /* Sources */,
			);
			buildRules = (
			);
			dependencies = (
				C8871E7C908ED0CC7FBDAFC7 /* PBXTargetDependency */,
			);
			name = BlazeFleetTests;
			packageProductDependencies = (
			);
			productName = BlazeFleetTests;
			productReference = 2EF53F3EB192065DB095E5EF /* BlazeFleetTests.xctest */;
			productType = "com.apple.product-type.bundle.unit-test";
		};
/* End PBXNativeTarget section */

/* Begin PBXProject section */
		B8FC636C958619728278943C /* Project object */ = {
			isa = PBXProject;
			attributes = {
				BuildIndependentTargetsInParallel = YES;
				LastUpgradeCheck = 1600;
				TargetAttributes = {
					6DF2B8D1B52CE28847ED1C87 = {
						DevelopmentTeam = ULWH23TGXJ;
						ProvisioningStyle = Automatic;
					};
					E934F6AC0B3E0CB0CEDE20C2 = {
						DevelopmentTeam = ULWH23TGXJ;
						ProvisioningStyle = Automatic;
					};
				};
			};
			buildConfigurationList = 032AE74887279C3A4BF80EA1 /* Build configuration list for PBXProject "BlazeFleet" */;
			developmentRegion = en;
			hasScannedForEncodings = 0;
			knownRegions = (
				Base,
				en,
			);
			mainGroup = 8902DE226D722ECB41273003;
			minimizedProjectReferenceProxies = 1;
			preferredProjectObjectVersion = 77;
			productRefGroup = B968F33591E1E30A73B96568 /* Products */;
			projectDirPath = "";
			projectRoot = "";
			targets = (
				6DF2B8D1B52CE28847ED1C87 /* BlazeFleet */,
				E934F6AC0B3E0CB0CEDE20C2 /* BlazeFleetTests */,
			);
		};
/* End PBXProject section */

/* Begin PBXResourcesBuildPhase section */
		FD238CBC540F247465908264 /* Resources */ = {
			isa = PBXResourcesBuildPhase;
			buildActionMask = 2147483647;
			files = (
				5E029C72D69A13820B0642C6 /* Assets.xcassets in Resources */,
			);
			runOnlyForDeploymentPostprocessing = 0;
		};
/* End PBXResourcesBuildPhase section */

/* Begin PBXSourcesBuildPhase section */
		3383BA78145AEA3DE07A8893 /* Sources */ = {
			isa = PBXSourcesBuildPhase;
			buildActionMask = 2147483647;
			files = (
				90107D5D7FCB4753EDA52F34 /* AuthModelTests.swift in Sources */,
				E60BCA2D980B0BF8F5F36822 /* FleetModelTests.swift in Sources */,
				B517996C4AF3662D288B2ECF /* FleetViewModelTests.swift in Sources */,
				88FF3D758B59A5390888C448 /* NotificationsTests.swift in Sources */,
			);
			runOnlyForDeploymentPostprocessing = 0;
		};
		74655796BD2A712C25CFFE58 /* Sources */ = {
			isa = PBXSourcesBuildPhase;
			buildActionMask = 2147483647;
			files = (
				09D62032205C3B58ABBA7593 /* APIClient.swift in Sources */,
				C2C1D073B9166BC4A3F23A5B /* AlertsListView.swift in Sources */,
				CEFC9236D6F408500086A318 /* AlertsViewModel.swift in Sources */,
				2A6A4132A8005F4E5E2A2689 /* AppDelegate.swift in Sources */,
				6CBA6634CD19B6A94CC033DE /* AuthResponse.swift in Sources */,
				ED8A919C9B89ABAE3093BDAD /* AuthViewModel.swift in Sources */,
				FB3290DFAA70CE240A34B345 /* BiometricAuthService.swift in Sources */,
				62DDD40F7E7118D061D9F97C /* BlazeFleetApp.swift in Sources */,
				FC18C9FD4C344D649A908029 /* BrandTheme.swift in Sources */,
				CCB7FD919565F08E7E5A7ADC /* FleetListView.swift in Sources */,
				70734496BEB9A2767551CF1D /* FleetSummary.swift in Sources */,
				41CCED93A9982628AB8C3136 /* FleetViewModel.swift in Sources */,
				0C08FE3A3A70B1D47D7CD731 /* KeychainManager.swift in Sources */,
				4E67A1FEE7D68B73A727B494 /* LiveMapView.swift in Sources */,
				31B189A53807AD5D71EE4E6C /* LivePosition.swift in Sources */,
				4D0EBD702D9DE02F6161DD4B /* LoginView.swift in Sources */,
				6B10339AD393D1E8B7550C29 /* MainTabView.swift in Sources */,
				7BF34A4DCBD0D4151DE88F00 /* PushNotificationManager.swift in Sources */,
				7F93D71CA353EA05A0753B6E /* RemoteCommandSheet.swift in Sources */,
				D982213CF72B477AC0B5911F /* SparklineView.swift in Sources */,
				0A02A0E877B4C664421C313A /* StatusChip.swift in Sources */,
				D703CE5B3A9BEB6E3592E3F8 /* StatusFilterBar.swift in Sources */,
				AD472514E61262530B8AC9C3 /* TelemetryGaugesView.swift in Sources */,
				1A902A58AE82F1CBA5F1EC64 /* VehicleAnnotationView.swift in Sources */,
				CA2134BA4A0CE8287FF5B9DD /* VehicleCardView.swift in Sources */,
				FB17288F2BBEB76BAFA0BF04 /* VehicleDetailView.swift in Sources */,
				10AD4ABB01CC34A0A46C1B8E /* VehicleDetailViewModel.swift in Sources */,
				6D14D7EB3A28797A6C20EBA9 /* WebSocketService.swift in Sources */,
			);
			runOnlyForDeploymentPostprocessing = 0;
		};
/* End PBXSourcesBuildPhase section */

/* Begin PBXTargetDependency section */
		C8871E7C908ED0CC7FBDAFC7 /* PBXTargetDependency */ = {
			isa = PBXTargetDependency;
			target = 6DF2B8D1B52CE28847ED1C87 /* BlazeFleet */;
			targetProxy = 97D56ED58616F0A3714C0190 /* PBXContainerItemProxy */;
		};
/* End PBXTargetDependency section */

/* Begin XCBuildConfiguration section */
		21AE358FE64EECC405BB3EA9 /* Release */ = {
			isa = XCBuildConfiguration;
			buildSettings = {
				BUNDLE_LOADER = "$(TEST_HOST)";
				CODE_SIGN_STYLE = Automatic;
				DEVELOPMENT_TEAM = ULWH23TGXJ;
				GENERATE_INFOPLIST_FILE = YES;
				IPHONEOS_DEPLOYMENT_TARGET = 17.0;
				LD_RUNPATH_SEARCH_PATHS = (
					"$(inherited)",
					"@executable_path/Frameworks",
					"@loader_path/Frameworks",
				);
				PRODUCT_BUNDLE_IDENTIFIER = do.blaze.fleet.tests;
				SDKROOT = iphoneos;
				TARGETED_DEVICE_FAMILY = "1,2";
				TEST_HOST = "$(BUILT_PRODUCTS_DIR)/BlazeFleet.app/BlazeFleet";
			};
			name = Release;
		};
		297291CA83CBDE47ACF81A1A /* Release */ = {
			isa = XCBuildConfiguration;
			buildSettings = {
				ALWAYS_SEARCH_USER_PATHS = NO;
				CLANG_ANALYZER_NONNULL = YES;
				CLANG_ANALYZER_NUMBER_OBJECT_CONVERSION = YES_AGGRESSIVE;
				CLANG_CXX_LANGUAGE_STANDARD = "gnu++14";
				CLANG_CXX_LIBRARY = "libc++";
				CLANG_ENABLE_MODULES = YES;
				CLANG_ENABLE_OBJC_ARC = YES;
				CLANG_ENABLE_OBJC_WEAK = YES;
				CLANG_WARN_BLOCK_CAPTURE_AUTORELEASING = YES;
				CLANG_WARN_BOOL_CONVERSION = YES;
				CLANG_WARN_COMMA = YES;
				CLANG_WARN_CONSTANT_CONVERSION = YES;
				CLANG_WARN_DEPRECATED_OBJC_IMPLEMENTATIONS = YES;
				CLANG_WARN_DIRECT_OBJC_ISA_USAGE = YES_ERROR;
				CLANG_WARN_DOCUMENTATION_COMMENTS = YES;
				CLANG_WARN_EMPTY_BODY = YES;
				CLANG_WARN_ENUM_CONVERSION = YES;
				CLANG_WARN_INFINITE_RECURSION = YES;
				CLANG_WARN_INT_CONVERSION = YES;
				CLANG_WARN_NON_LITERAL_NULL_CONVERSION = YES;
				CLANG_WARN_OBJC_IMPLICIT_RETAIN_SELF = YES;
				CLANG_WARN_OBJC_LITERAL_CONVERSION = YES;
				CLANG_WARN_OBJC_ROOT_CLASS = YES_ERROR;
				CLANG_WARN_QUOTED_INCLUDE_IN_FRAMEWORK_HEADER = YES;
				CLANG_WARN_RANGE_LOOP_ANALYSIS = YES;
				CLANG_WARN_STRICT_PROTOTYPES = YES;
				CLANG_WARN_SUSPICIOUS_MOVE = YES;
				CLANG_WARN_UNGUARDED_AVAILABILITY = YES_AGGRESSIVE;
				CLANG_WARN_UNREACHABLE_CODE = YES;
				CLANG_WARN__DUPLICATE_METHOD_MATCH = YES;
				CODE_SIGN_STYLE = Automatic;
				COPY_PHASE_STRIP = NO;
				CURRENT_PROJECT_VERSION = 3;
				DEBUG_INFORMATION_FORMAT = "dwarf-with-dsym";
				DEVELOPMENT_TEAM = ULWH23TGXJ;
				ENABLE_NS_ASSERTIONS = NO;
				ENABLE_STRICT_OBJC_MSGSEND = YES;
				GCC_C_LANGUAGE_STANDARD = gnu11;
				GCC_NO_COMMON_BLOCKS = YES;
				GCC_WARN_64_TO_32_BIT_CONVERSION = YES;
				GCC_WARN_ABOUT_RETURN_TYPE = YES_ERROR;
				GCC_WARN_UNDECLARED_SELECTOR = YES;
				GCC_WARN_UNINITIALIZED_AUTOS = YES_AGGRESSIVE;
				GCC_WARN_UNUSED_FUNCTION = YES;
				GCC_WARN_UNUSED_VARIABLE = YES;
				IPHONEOS_DEPLOYMENT_TARGET = 17.0;
				MARKETING_VERSION = 1.0.0;
				MTL_ENABLE_DEBUG_INFO = NO;
				MTL_FAST_MATH = YES;
				PRODUCT_NAME = "$(TARGET_NAME)";
				SDKROOT = iphoneos;
				SWIFT_COMPILATION_MODE = wholemodule;
				SWIFT_OPTIMIZATION_LEVEL = "-O";
				SWIFT_VERSION = 5.0;
			};
			name = Release;
		};
		8A71B0A064714B35082DCA8E /* Release */ = {
			isa = XCBuildConfiguration;
			buildSettings = {
				ASSETCATALOG_COMPILER_APPICON_NAME = AppIcon;
				CODE_SIGN_ENTITLEMENTS = Config/BlazeFleet.entitlements;
				CODE_SIGN_IDENTITY = "iPhone Developer";
				CODE_SIGN_STYLE = Automatic;
				DEVELOPMENT_TEAM = ULWH23TGXJ;
				GENERATE_INFOPLIST_FILE = NO;
				INFOPLIST_FILE = BlazeFleet/Resources/Info.plist;
				IPHONEOS_DEPLOYMENT_TARGET = 17.0;
				LD_RUNPATH_SEARCH_PATHS = (
					"$(inherited)",
					"@executable_path/Frameworks",
				);
				PRODUCT_BUNDLE_IDENTIFIER = do.blaze.fleet;
				PRODUCT_NAME = BlazeFleet;
				SDKROOT = iphoneos;
				SUPPORTS_MACCATALYST = NO;
				TARGETED_DEVICE_FAMILY = "1,2";
			};
			name = Release;
		};
		9C70DF9E4AF9E027EA2D80BC /* Debug */ = {
			isa = XCBuildConfiguration;
			buildSettings = {
				ASSETCATALOG_COMPILER_APPICON_NAME = AppIcon;
				CODE_SIGN_ENTITLEMENTS = Config/BlazeFleet.entitlements;
				CODE_SIGN_IDENTITY = "iPhone Developer";
				CODE_SIGN_STYLE = Automatic;
				DEVELOPMENT_TEAM = ULWH23TGXJ;
				GENERATE_INFOPLIST_FILE = NO;
				INFOPLIST_FILE = BlazeFleet/Resources/Info.plist;
				IPHONEOS_DEPLOYMENT_TARGET = 17.0;
				LD_RUNPATH_SEARCH_PATHS = (
					"$(inherited)",
					"@executable_path/Frameworks",
				);
				PRODUCT_BUNDLE_IDENTIFIER = do.blaze.fleet;
				PRODUCT_NAME = BlazeFleet;
				SDKROOT = iphoneos;
				SUPPORTS_MACCATALYST = NO;
				TARGETED_DEVICE_FAMILY = "1,2";
			};
			name = Debug;
		};
		BC20A475AAE5AA8984E3F9E2 /* Debug */ = {
			isa = XCBuildConfiguration;
			buildSettings = {
				ALWAYS_SEARCH_USER_PATHS = NO;
				CLANG_ANALYZER_NONNULL = YES;
				CLANG_ANALYZER_NUMBER_OBJECT_CONVERSION = YES_AGGRESSIVE;
				CLANG_CXX_LANGUAGE_STANDARD = "gnu++14";
				CLANG_CXX_LIBRARY = "libc++";
				CLANG_ENABLE_MODULES = YES;
				CLANG_ENABLE_OBJC_ARC = YES;
				CLANG_ENABLE_OBJC_WEAK = YES;
				CLANG_WARN_BLOCK_CAPTURE_AUTORELEASING = YES;
				CLANG_WARN_BOOL_CONVERSION = YES;
				CLANG_WARN_COMMA = YES;
				CLANG_WARN_CONSTANT_CONVERSION = YES;
				CLANG_WARN_DEPRECATED_OBJC_IMPLEMENTATIONS = YES;
				CLANG_WARN_DIRECT_OBJC_ISA_USAGE = YES_ERROR;
				CLANG_WARN_DOCUMENTATION_COMMENTS = YES;
				CLANG_WARN_EMPTY_BODY = YES;
				CLANG_WARN_ENUM_CONVERSION = YES;
				CLANG_WARN_INFINITE_RECURSION = YES;
				CLANG_WARN_INT_CONVERSION = YES;
				CLANG_WARN_NON_LITERAL_NULL_CONVERSION = YES;
				CLANG_WARN_OBJC_IMPLICIT_RETAIN_SELF = YES;
				CLANG_WARN_OBJC_LITERAL_CONVERSION = YES;
				CLANG_WARN_OBJC_ROOT_CLASS = YES_ERROR;
				CLANG_WARN_QUOTED_INCLUDE_IN_FRAMEWORK_HEADER = YES;
				CLANG_WARN_RANGE_LOOP_ANALYSIS = YES;
				CLANG_WARN_STRICT_PROTOTYPES = YES;
				CLANG_WARN_SUSPICIOUS_MOVE = YES;
				CLANG_WARN_UNGUARDED_AVAILABILITY = YES_AGGRESSIVE;
				CLANG_WARN_UNREACHABLE_CODE = YES;
				CLANG_WARN__DUPLICATE_METHOD_MATCH = YES;
				CODE_SIGN_STYLE = Automatic;
				COPY_PHASE_STRIP = NO;
				CURRENT_PROJECT_VERSION = 3;
				DEBUG_INFORMATION_FORMAT = dwarf;
				DEVELOPMENT_TEAM = ULWH23TGXJ;
				ENABLE_STRICT_OBJC_MSGSEND = YES;
				ENABLE_TESTABILITY = YES;
				GCC_C_LANGUAGE_STANDARD = gnu11;
				GCC_DYNAMIC_NO_PIC = NO;
				GCC_NO_COMMON_BLOCKS = YES;
				GCC_OPTIMIZATION_LEVEL = 0;
				GCC_PREPROCESSOR_DEFINITIONS = (
					"$(inherited)",
					"DEBUG=1",
				);
				GCC_WARN_64_TO_32_BIT_CONVERSION = YES;
				GCC_WARN_ABOUT_RETURN_TYPE = YES_ERROR;
				GCC_WARN_UNDECLARED_SELECTOR = YES;
				GCC_WARN_UNINITIALIZED_AUTOS = YES_AGGRESSIVE;
				GCC_WARN_UNUSED_FUNCTION = YES;
				GCC_WARN_UNUSED_VARIABLE = YES;
				IPHONEOS_DEPLOYMENT_TARGET = 17.0;
				MARKETING_VERSION = 1.0.0;
				MTL_ENABLE_DEBUG_INFO = INCLUDE_SOURCE;
				MTL_FAST_MATH = YES;
				ONLY_ACTIVE_ARCH = YES;
				PRODUCT_NAME = "$(TARGET_NAME)";
				SDKROOT = iphoneos;
				SWIFT_ACTIVE_COMPILATION_CONDITIONS = DEBUG;
				SWIFT_OPTIMIZATION_LEVEL = "-Onone";
				SWIFT_VERSION = 5.0;
			};
			name = Debug;
		};
		BD0E2C31C908BE5B972D4F55 /* Debug */ = {
			isa = XCBuildConfiguration;
			buildSettings = {
				BUNDLE_LOADER = "$(TEST_HOST)";
				CODE_SIGN_STYLE = Automatic;
				DEVELOPMENT_TEAM = ULWH23TGXJ;
				GENERATE_INFOPLIST_FILE = YES;
				IPHONEOS_DEPLOYMENT_TARGET = 17.0;
				LD_RUNPATH_SEARCH_PATHS = (
					"$(inherited)",
					"@executable_path/Frameworks",
					"@loader_path/Frameworks",
				);
				PRODUCT_BUNDLE_IDENTIFIER = do.blaze.fleet.tests;
				SDKROOT = iphoneos;
				TARGETED_DEVICE_FAMILY = "1,2";
				TEST_HOST = "$(BUILT_PRODUCTS_DIR)/BlazeFleet.app/BlazeFleet";
			};
			name = Debug;
		};
/* End XCBuildConfiguration section */

/* Begin XCConfigurationList section */
		032AE74887279C3A4BF80EA1 /* Build configuration list for PBXProject "BlazeFleet" */ = {
			isa = XCConfigurationList;
			buildConfigurations = (
				BC20A475AAE5AA8984E3F9E2 /* Debug */,
				297291CA83CBDE47ACF81A1A /* Release */,
			);
			defaultConfigurationIsVisible = 0;
			defaultConfigurationName = Debug;
		};
		041AFC56E7BF603ECDADE07F /* Build configuration list for PBXNativeTarget "BlazeFleet" */ = {
			isa = XCConfigurationList;
			buildConfigurations = (
				9C70DF9E4AF9E027EA2D80BC /* Debug */,
				8A71B0A064714B35082DCA8E /* Release */,
			);
			defaultConfigurationIsVisible = 0;
			defaultConfigurationName = Debug;
		};
		D984A905ED632C6465867F04 /* Build configuration list for PBXNativeTarget "BlazeFleetTests" */ = {
			isa = XCConfigurationList;
			buildConfigurations = (
				BD0E2C31C908BE5B972D4F55 /* Debug */,
				21AE358FE64EECC405BB3EA9 /* Release */,
			);
			defaultConfigurationIsVisible = 0;
			defaultConfigurationName = Debug;
		};
/* End XCConfigurationList section */
	};
	rootObject = B8FC636C958619728278943C /* Project object */;
}
